
Microsoft Visual Studio Solution File, Format Version 12.00
# Visual Studio Version 17
VisualStudioVersion = 17.12.35707.178
MinimumVisualStudioVersion = 10.0.40219.1
Project("{FAE04EC0-301F-11D3-BF4B-00C04F79EFBC}") = "BlockBuster", "BlockBuster\BlockBuster.csproj", "{DDDDC7F5-A31F-4FC3-9908-826353F8EC03}"
EndProject
Project("{FAE04EC0-301F-11D3-BF4B-00C04F79EFBC}") = "BlockBuster.Test", "BlockBuster.Test\BlockBuster.Test.csproj", "{AD2A46AD-2D83-4252-ABD4-5378DC981D89}"
EndProject
Project("{FAE04EC0-301F-11D3-BF4B-00C04F79EFBC}") = "BlockBuster.ConsoleApp", "BlockBuster.Console\BlockBuster.ConsoleApp.csproj", "{FDC86321-D932-4620-A68D-2E63EB5CCBC4}"
EndProject
Global
	GlobalSection(SolutionConfigurationPlatforms) = preSolution
		Debug|Any CPU = Debug|Any CPU
		Release|Any CPU = Release|Any CPU
	EndGlobalSection
	GlobalSection(ProjectConfigurationPlatforms) = postSolution
		{DDDDC7F5-A31F-4FC3-9908-826353F8EC03}.Debug|Any CPU.ActiveCfg = Debug|Any CPU
		{DDDDC7F5-A31F-4FC3-9908-826353F8EC03}.Debug|Any CPU.Build.0 = Debug|Any CPU
		{DDDDC7F5-A31F-4FC3-9908-826353F8EC03}.Release|Any CPU.ActiveCfg = Release|Any CPU
		{DDDDC7F5-A31F-4FC3-9908-826353F8EC03}.Release|Any CPU.Build.0 = Release|Any CPU
		{AD2A46AD-2D83-4252-ABD4-5378DC981D89}.Debug|Any CPU.ActiveCfg = Debug|Any CPU
		{AD2A46AD-2D83-4252-ABD4-5378DC981D89}.Debug|Any CPU.Build.0 = Debug|Any CPU
		{AD2A46AD-2D83-4252-ABD4-5378DC981D89}.Release|Any CPU.ActiveCfg = Release|Any CPU
		{AD2A46AD-2D83-4252-ABD4-5378DC981D89}.Release|Any CPU.Build.0 = Release|Any CPU
		{FDC86321-D932-4620-A68D-2E63EB5CCBC4}.Debug|Any CPU.ActiveCfg = Debug|Any CPU
		{FDC86321-D932-4620-A68D-2E63EB5CCBC4}.Debug|Any CPU.Build.0 = Debug|Any CPU
		{FDC86321-D932-4620-A68D-2E63EB5CCBC4}.Release|Any CPU.ActiveCfg = Release|Any CPU
		{FDC86321-D932-4620-A68D-2E63EB5CCBC4}.Release|Any CPU.Build.0 = Release|Any CPU
	EndGlobalSection
	GlobalSection(SolutionProperties) = preSolution
		HideSolutionNode = FALSE
	EndGlobalSection
EndGlobal
